
Microsoft Visual Studio Solution File, Format Version 12.00
# Visual Studio Version 17
VisualStudioVersion = 17.5.2.0
MinimumVisualStudioVersion = 10.0.40219.1
Project("{FAE04EC0-301F-11D3-BF4B-00C04F79EFBC}") = "CoffeeMachine.Api", "CoffeeMachine.Api\CoffeeMachine.Api.csproj", "{D2C8CB87-525E-72F2-330D-D8392AD9EB74}"
EndProject
Project("{FAE04EC0-301F-11D3-BF4B-00C04F79EFBC}") = "CoffeeMachine.UnitTests", "CoffeeMachine.UnitTests\CoffeeMachine.UnitTests.csproj", "{0A7AFA67-D53A-49BA-BD74-CC95EA7D1A4C}"
EndProject
Project("{FAE04EC0-301F-11D3-BF4B-00C04F79EFBC}") = "CoffeeMachine.Services", "CoffeeMachine.Services\CoffeeMachine.Services.csproj", "{5E1580BD-0287-4514-9404-5D81D810B661}"
EndProject
Global
	GlobalSection(SolutionConfigurationPlatforms) = preSolution
		Debug|Any CPU = Debug|Any CPU
		Release|Any CPU = Release|Any CPU
	EndGlobalSection
	GlobalSection(ProjectConfigurationPlatforms) = postSolution
		{D2C8CB87-525E-72F2-330D-D8392AD9EB74}.Debug|Any CPU.ActiveCfg = Debug|Any CPU
		{D2C8CB87-525E-72F2-330D-D8392AD9EB74}.Debug|Any CPU.Build.0 = Debug|Any CPU
		{D2C8CB87-525E-72F2-330D-D8392AD9EB74}.Release|Any CPU.ActiveCfg = Release|Any CPU
		{D2C8CB87-525E-72F2-330D-D8392AD9EB74}.Release|Any CPU.Build.0 = Release|Any CPU
		{0A7AFA67-D53A-49BA-BD74-CC95EA7D1A4C}.Debug|Any CPU.ActiveCfg = Debug|Any CPU
		{0A7AFA67-D53A-49BA-BD74-CC95EA7D1A4C}.Debug|Any CPU.Build.0 = Debug|Any CPU
		{0A7AFA67-D53A-49BA-BD74-CC95EA7D1A4C}.Release|Any CPU.ActiveCfg = Release|Any CPU
		{0A7AFA67-D53A-49BA-BD74-CC95EA7D1A4C}.Release|Any CPU.Build.0 = Release|Any CPU
		{5E1580BD-0287-4514-9404-5D81D810B661}.Debug|Any CPU.ActiveCfg = Debug|Any CPU
		{5E1580BD-0287-4514-9404-5D81D810B661}.Debug|Any CPU.Build.0 = Debug|Any CPU
		{5E1580BD-0287-4514-9404-5D81D810B661}.Release|Any CPU.ActiveCfg = Release|Any CPU
		{5E1580BD-0287-4514-9404-5D81D810B661}.Release|Any CPU.Build.0 = Release|Any CPU
	EndGlobalSection
	GlobalSection(SolutionProperties) = preSolution
		HideSolutionNode = FALSE
	EndGlobalSection
	GlobalSection(ExtensibilityGlobals) = postSolution
		SolutionGuid = {FB068676-DFC5-43CD-85C2-D14AF6F1E30A}
	EndGlobalSection
EndGlobal
